// !$*UTF8*$!
{
	archiveVersion = 1;
	classes = {
	};
	objectVersion = 50;
	objects = {

/* Begin PBXBuildFile section */
		30D136314FFC8139C63FCED9 /* Pods_SteamGatherer.framework in Frameworks */ = {isa = PBXBuildFile; fileRef = EFE2AF473FC577E59E02F2A8 /* Pods_SteamGatherer.framework */; };
		3415C8E420A09134009CBF30 /* Shared.swift in Sources */ = {isa = PBXBuildFile; fileRef = 3415C8E320A09134009CBF30 /* Shared.swift */; };
		3415C8E620A09330009CBF30 /* UIKit.swift in Sources */ = {isa = PBXBuildFile; fileRef = 3415C8E520A09330009CBF30 /* UIKit.swift */; };
		3415C8E920A093C6009CBF30 /* BaseViews.swift in Sources */ = {isa = PBXBuildFile; fileRef = 3415C8E820A093C6009CBF30 /* BaseViews.swift */; };
		3415C8FA20A09690009CBF30 /* DINPro-Bold.otf in Resources */ = {isa = PBXBuildFile; fileRef = 3415C8EF20A0946C009CBF30 /* DINPro-Bold.otf */; };
		3415C8FB20A09695009CBF30 /* DINPro-Black.otf in Resources */ = {isa = PBXBuildFile; fileRef = 3415C8EE20A0946C009CBF30 /* DINPro-Black.otf */; };
		3415C8FC20A09697009CBF30 /* DINPro-Light.otf in Resources */ = {isa = PBXBuildFile; fileRef = 3415C8EB20A0946C009CBF30 /* DINPro-Light.otf */; };
		3415C8FD20A09699009CBF30 /* DINPro-Medium.otf in Resources */ = {isa = PBXBuildFile; fileRef = 3415C8EC20A0946C009CBF30 /* DINPro-Medium.otf */; };
		3415C8FE20A0969D009CBF30 /* DINPro-Regular.otf in Resources */ = {isa = PBXBuildFile; fileRef = 3415C8ED20A0946C009CBF30 /* DINPro-Regular.otf */; };
		3415C90020A096ED009CBF30 /* Images.xcassets in Resources */ = {isa = PBXBuildFile; fileRef = 3415C8FF20A096ED009CBF30 /* Images.xcassets */; };
		3415C90220A09711009CBF30 /* UIColor.swift in Sources */ = {isa = PBXBuildFile; fileRef = 3415C90120A09711009CBF30 /* UIColor.swift */; };
		3415C90420A09E73009CBF30 /* RegisterViewController.swift in Sources */ = {isa = PBXBuildFile; fileRef = 3415C90320A09E73009CBF30 /* RegisterViewController.swift */; };
		3415C90620A09FF6009CBF30 /* SessionManager.swift in Sources */ = {isa = PBXBuildFile; fileRef = 3415C90520A09FF6009CBF30 /* SessionManager.swift */; };
		3415C90920A0A0A8009CBF30 /* HomeViewController.swift in Sources */ = {isa = PBXBuildFile; fileRef = 3415C90820A0A0A8009CBF30 /* HomeViewController.swift */; };
		3415C90E20A0A4DB009CBF30 /* GoogleService-Info.plist in Resources */ = {isa = PBXBuildFile; fileRef = 3415C90D20A0A4DB009CBF30 /* GoogleService-Info.plist */; };
		3415C91020A0AE31009CBF30 /* MainTabBarController.swift in Sources */ = {isa = PBXBuildFile; fileRef = 3415C90F20A0AE31009CBF30 /* MainTabBarController.swift */; };
		3415C91220A0B5E7009CBF30 /* RLResponse.swift in Sources */ = {isa = PBXBuildFile; fileRef = 3415C91120A0B5E7009CBF30 /* RLResponse.swift */; };
		3415C91420A183DA009CBF30 /* GroupViewController.swift in Sources */ = {isa = PBXBuildFile; fileRef = 3415C91320A183DA009CBF30 /* GroupViewController.swift */; };
		3415C91620A18CC3009CBF30 /* SideMenuViewController.swift in Sources */ = {isa = PBXBuildFile; fileRef = 3415C91520A18CC3009CBF30 /* SideMenuViewController.swift */; };
		34A2760620A591AA00B15F01 /* EditProfileViewController.swift in Sources */ = {isa = PBXBuildFile; fileRef = 34A2760520A591AA00B15F01 /* EditProfileViewController.swift */; };
		34A2760820A5928300B15F01 /* Constants.swift in Sources */ = {isa = PBXBuildFile; fileRef = 34A2760720A5928300B15F01 /* Constants.swift */; };
		34A2760A20A595EF00B15F01 /* BaseViewController.swift in Sources */ = {isa = PBXBuildFile; fileRef = 34A2760920A595EF00B15F01 /* BaseViewController.swift */; };
		34C39F3E20A2D8D5007F771A /* ModeViewController.swift in Sources */ = {isa = PBXBuildFile; fileRef = 34C39F3D20A2D8D5007F771A /* ModeViewController.swift */; };
		34C39F4020A2F5C6007F771A /* Model.swift in Sources */ = {isa = PBXBuildFile; fileRef = 34C39F3F20A2F5C6007F771A /* Model.swift */; };
		34C39F4320A30033007F771A /* PlayerViewController.swift in Sources */ = {isa = PBXBuildFile; fileRef = 34C39F4220A30033007F771A /* PlayerViewController.swift */; };
		34C39F4520A300C6007F771A /* FirebaseManager.swift in Sources */ = {isa = PBXBuildFile; fileRef = 34C39F4420A300C6007F771A /* FirebaseManager.swift */; };
		34C39F4720A312BB007F771A /* RegisterInfoViewController.swift in Sources */ = {isa = PBXBuildFile; fileRef = 34C39F4620A312BB007F771A /* RegisterInfoViewController.swift */; };
		34C39F4920A31795007F771A /* TiersViewController.swift in Sources */ = {isa = PBXBuildFile; fileRef = 34C39F4820A31795007F771A /* TiersViewController.swift */; };
		34CE860820A08C32002EE744 /* AppDelegate.swift in Sources */ = {isa = PBXBuildFile; fileRef = 34CE860720A08C32002EE744 /* AppDelegate.swift */; };
		34CE860A20A08C32002EE744 /* LoginViewController.swift in Sources */ = {isa = PBXBuildFile; fileRef = 34CE860920A08C32002EE744 /* LoginViewController.swift */; };
		34CE860F20A08C33002EE744 /* Assets.xcassets in Resources */ = {isa = PBXBuildFile; fileRef = 34CE860E20A08C33002EE744 /* Assets.xcassets */; };
		34CE861220A08C33002EE744 /* LaunchScreen.storyboard in Resources */ = {isa = PBXBuildFile; fileRef = 34CE861020A08C33002EE744 /* LaunchScreen.storyboard */; };
		34CE861D20A08C34002EE744 /* SteamGathererTests.swift in Sources */ = {isa = PBXBuildFile; fileRef = 34CE861C20A08C34002EE744 /* SteamGathererTests.swift */; };
		34CE862820A08C34002EE744 /* SteamGathererUITests.swift in Sources */ = {isa = PBXBuildFile; fileRef = 34CE862720A08C34002EE744 /* SteamGathererUITests.swift */; };
		34CE863720A08FAB002EE744 /* RLClient.swift in Sources */ = {isa = PBXBuildFile; fileRef = 34CE863620A08FAB002EE744 /* RLClient.swift */; };
		87172ADE28A6A4607CE0D664 /* Pods_SteamGathererUITests.framework in Frameworks */ = {isa = PBXBuildFile; fileRef = 3343A29159E7442341D1F7B6 /* Pods_SteamGathererUITests.framework */; };
		E8EFD3D0B1785F917A3D73A1 /* Pods_SteamGathererTests.framework in Frameworks */ = {isa = PBXBuildFile; fileRef = D1888F817C14E0318E241025 /* Pods_SteamGathererTests.framework */; };
/* End PBXBuildFile section */

/* Begin PBXContainerItemProxy section */
		34CE861920A08C34002EE744 /* PBXContainerItemProxy */ = {
			isa = PBXContainerItemProxy;
			containerPortal = 34CE85FC20A08C32002EE744 /* Project object */;
			proxyType = 1;
			remoteGlobalIDString = 34CE860320A08C32002EE744;
			remoteInfo = SteamGatherer;
		};
		34CE862420A08C34002EE744 /* PBXContainerItemProxy */ = {
			isa = PBXContainerItemProxy;
			containerPortal = 34CE85FC20A08C32002EE744 /* Project object */;
			proxyType = 1;
			remoteGlobalIDString = 34CE860320A08C32002EE744;
			remoteInfo = SteamGatherer;
		};
/* End PBXContainerItemProxy section */

/* Begin PBXFileReference section */
		21862F992E79EBC22B2A2A67 /* Pods-SteamGathererTests.debug.xcconfig */ = {isa = PBXFileReference; includeInIndex = 1; lastKnownFileType = text.xcconfig; name = "Pods-SteamGathererTests.debug.xcconfig"; path = "Pods/Target Support Files/Pods-SteamGathererTests/Pods-SteamGathererTests.debug.xcconfig"; sourceTree = "<group>"; };
		3343A29159E7442341D1F7B6 /* Pods_SteamGathererUITests.framework */ = {isa = PBXFileReference; explicitFileType = wrapper.framework; includeInIndex = 0; path = Pods_SteamGathererUITests.framework; sourceTree = BUILT_PRODUCTS_DIR; };
		3415C8E320A09134009CBF30 /* Shared.swift */ = {isa = PBXFileReference; lastKnownFileType = sourcecode.swift; path = Shared.swift; sourceTree = "<group>"; };
		3415C8E520A09330009CBF30 /* UIKit.swift */ = {isa = PBXFileReference; lastKnownFileType = sourcecode.swift; path = UIKit.swift; sourceTree = "<group>"; };
		3415C8E820A093C6009CBF30 /* BaseViews.swift */ = {isa = PBXFileReference; lastKnownFileType = sourcecode.swift; path = BaseViews.swift; sourceTree = "<group>"; };
		3415C8EB20A0946C009CBF30 /* DINPro-Light.otf */ = {isa = PBXFileReference; lastKnownFileType = file; path = "DINPro-Light.otf"; sourceTree = "<group>"; };
		3415C8EC20A0946C009CBF30 /* DINPro-Medium.otf */ = {isa = PBXFileReference; lastKnownFileType = file; path = "DINPro-Medium.otf"; sourceTree = "<group>"; };
		3415C8ED20A0946C009CBF30 /* DINPro-Regular.otf */ = {isa = PBXFileReference; lastKnownFileType = file; path = "DINPro-Regular.otf"; sourceTree = "<group>"; };
		3415C8EE20A0946C009CBF30 /* DINPro-Black.otf */ = {isa = PBXFileReference; lastKnownFileType = file; path = "DINPro-Black.otf"; sourceTree = "<group>"; };
		3415C8EF20A0946C009CBF30 /* DINPro-Bold.otf */ = {isa = PBXFileReference; lastKnownFileType = file; path = "DINPro-Bold.otf"; sourceTree = "<group>"; };
		3415C8FF20A096ED009CBF30 /* Images.xcassets */ = {isa = PBXFileReference; lastKnownFileType = folder.assetcatalog; path = Images.xcassets; sourceTree = "<group>"; };
		3415C90120A09711009CBF30 /* UIColor.swift */ = {isa = PBXFileReference; lastKnownFileType = sourcecode.swift; path = UIColor.swift; sourceTree = "<group>"; };
		3415C90320A09E73009CBF30 /* RegisterViewController.swift */ = {isa = PBXFileReference; lastKnownFileType = sourcecode.swift; path = RegisterViewController.swift; sourceTree = "<group>"; };
		3415C90520A09FF6009CBF30 /* SessionManager.swift */ = {isa = PBXFileReference; lastKnownFileType = sourcecode.swift; path = SessionManager.swift; sourceTree = "<group>"; };
		3415C90820A0A0A8009CBF30 /* HomeViewController.swift */ = {isa = PBXFileReference; lastKnownFileType = sourcecode.swift; path = HomeViewController.swift; sourceTree = "<group>"; };
		3415C90D20A0A4DB009CBF30 /* GoogleService-Info.plist */ = {isa = PBXFileReference; fileEncoding = 4; lastKnownFileType = text.plist.xml; path = "GoogleService-Info.plist"; sourceTree = "<group>"; };
		3415C90F20A0AE31009CBF30 /* MainTabBarController.swift */ = {isa = PBXFileReference; lastKnownFileType = sourcecode.swift; path = MainTabBarController.swift; sourceTree = "<group>"; };
		3415C91120A0B5E7009CBF30 /* RLResponse.swift */ = {isa = PBXFileReference; lastKnownFileType = sourcecode.swift; path = RLResponse.swift; sourceTree = "<group>"; };
		3415C91320A183DA009CBF30 /* GroupViewController.swift */ = {isa = PBXFileReference; lastKnownFileType = sourcecode.swift; path = GroupViewController.swift; sourceTree = "<group>"; };
		3415C91520A18CC3009CBF30 /* SideMenuViewController.swift */ = {isa = PBXFileReference; lastKnownFileType = sourcecode.swift; path = SideMenuViewController.swift; sourceTree = "<group>"; };
		34A2760520A591AA00B15F01 /* EditProfileViewController.swift */ = {isa = PBXFileReference; lastKnownFileType = sourcecode.swift; path = EditProfileViewController.swift; sourceTree = "<group>"; };
		34A2760720A5928300B15F01 /* Constants.swift */ = {isa = PBXFileReference; lastKnownFileType = sourcecode.swift; path = Constants.swift; sourceTree = "<group>"; };
		34A2760920A595EF00B15F01 /* BaseViewController.swift */ = {isa = PBXFileReference; lastKnownFileType = sourcecode.swift; path = BaseViewController.swift; sourceTree = "<group>"; };
		34C39F3D20A2D8D5007F771A /* ModeViewController.swift */ = {isa = PBXFileReference; lastKnownFileType = sourcecode.swift; path = ModeViewController.swift; sourceTree = "<group>"; };
		34C39F3F20A2F5C6007F771A /* Model.swift */ = {isa = PBXFileReference; lastKnownFileType = sourcecode.swift; path = Model.swift; sourceTree = "<group>"; };
		34C39F4220A30033007F771A /* PlayerViewController.swift */ = {isa = PBXFileReference; lastKnownFileType = sourcecode.swift; path = PlayerViewController.swift; sourceTree = "<group>"; };
		34C39F4420A300C6007F771A /* FirebaseManager.swift */ = {isa = PBXFileReference; lastKnownFileType = sourcecode.swift; path = FirebaseManager.swift; sourceTree = "<group>"; };
		34C39F4620A312BB007F771A /* RegisterInfoViewController.swift */ = {isa = PBXFileReference; lastKnownFileType = sourcecode.swift; path = RegisterInfoViewController.swift; sourceTree = "<group>"; };
		34C39F4820A31795007F771A /* TiersViewController.swift */ = {isa = PBXFileReference; lastKnownFileType = sourcecode.swift; path = TiersViewController.swift; sourceTree = "<group>"; };
		34CE860420A08C32002EE744 /* SteamGatherer.app */ = {isa = PBXFileReference; explicitFileType = wrapper.application; includeInIndex = 0; path = SteamGatherer.app; sourceTree = BUILT_PRODUCTS_DIR; };
		34CE860720A08C32002EE744 /* AppDelegate.swift */ = {isa = PBXFileReference; lastKnownFileType = sourcecode.swift; path = AppDelegate.swift; sourceTree = "<group>"; };
		34CE860920A08C32002EE744 /* LoginViewController.swift */ = {isa = PBXFileReference; lastKnownFileType = sourcecode.swift; path = LoginViewController.swift; sourceTree = "<group>"; };
		34CE860E20A08C33002EE744 /* Assets.xcassets */ = {isa = PBXFileReference; lastKnownFileType = folder.assetcatalog; path = Assets.xcassets; sourceTree = "<group>"; };
		34CE861120A08C33002EE744 /* Base */ = {isa = PBXFileReference; lastKnownFileType = file.storyboard; name = Base; path = Base.lproj/LaunchScreen.storyboard; sourceTree = "<group>"; };
		34CE861320A08C33002EE744 /* Info.plist */ = {isa = PBXFileReference; lastKnownFileType = text.plist.xml; path = Info.plist; sourceTree = "<group>"; };
		34CE861820A08C34002EE744 /* SteamGathererTests.xctest */ = {isa = PBXFileReference; explicitFileType = wrapper.cfbundle; includeInIndex = 0; path = SteamGathererTests.xctest; sourceTree = BUILT_PRODUCTS_DIR; };
		34CE861C20A08C34002EE744 /* SteamGathererTests.swift */ = {isa = PBXFileReference; lastKnownFileType = sourcecode.swift; path = SteamGathererTests.swift; sourceTree = "<group>"; };
		34CE861E20A08C34002EE744 /* Info.plist */ = {isa = PBXFileReference; lastKnownFileType = text.plist.xml; path = Info.plist; sourceTree = "<group>"; };
		34CE862320A08C34002EE744 /* SteamGathererUITests.xctest */ = {isa = PBXFileReference; explicitFileType = wrapper.cfbundle; includeInIndex = 0; path = SteamGathererUITests.xctest; sourceTree = BUILT_PRODUCTS_DIR; };
		34CE862720A08C34002EE744 /* SteamGathererUITests.swift */ = {isa = PBXFileReference; lastKnownFileType = sourcecode.swift; path = SteamGathererUITests.swift; sourceTree = "<group>"; };
		34CE862920A08C34002EE744 /* Info.plist */ = {isa = PBXFileReference; lastKnownFileType = text.plist.xml; path = Info.plist; sourceTree = "<group>"; };
		34CE863620A08FAB002EE744 /* RLClient.swift */ = {isa = PBXFileReference; lastKnownFileType = sourcecode.swift; path = RLClient.swift; sourceTree = "<group>"; };
		43801131ECB005629918E5C4 /* Pods-SteamGatherer.debug.xcconfig */ = {isa = PBXFileReference; includeInIndex = 1; lastKnownFileType = text.xcconfig; name = "Pods-SteamGatherer.debug.xcconfig"; path = "Pods/Target Support Files/Pods-SteamGatherer/Pods-SteamGatherer.debug.xcconfig"; sourceTree = "<group>"; };
		96FEF6FA3CF9E625D37A5845 /* Pods-SteamGathererUITests.debug.xcconfig */ = {isa = PBXFileReference; includeInIndex = 1; lastKnownFileType = text.xcconfig; name = "Pods-SteamGathererUITests.debug.xcconfig"; path = "Pods/Target Support Files/Pods-SteamGathererUITests/Pods-SteamGathererUITests.debug.xcconfig"; sourceTree = "<group>"; };
		A3E4921E950A4E65AA3483CD /* Pods-SteamGathererTests.release.xcconfig */ = {isa = PBXFileReference; includeInIndex = 1; lastKnownFileType = text.xcconfig; name = "Pods-SteamGathererTests.release.xcconfig"; path = "Pods/Target Support Files/Pods-SteamGathererTests/Pods-SteamGathererTests.release.xcconfig"; sourceTree = "<group>"; };
		D1888F817C14E0318E241025 /* Pods_SteamGathererTests.framework */ = {isa = PBXFileReference; explicitFileType = wrapper.framework; includeInIndex = 0; path = Pods_SteamGathererTests.framework; sourceTree = BUILT_PRODUCTS_DIR; };
		EFE2AF473FC577E59E02F2A8 /* Pods_SteamGatherer.framework */ = {isa = PBXFileReference; explicitFileType = wrapper.framework; includeInIndex = 0; path = Pods_SteamGatherer.framework; sourceTree = BUILT_PRODUCTS_DIR; };
		FAC89A3CEA396AF7894DA62D /* Pods-SteamGatherer.release.xcconfig */ = {isa = PBXFileReference; includeInIndex = 1; lastKnownFileType = text.xcconfig; name = "Pods-SteamGatherer.release.xcconfig"; path = "Pods/Target Support Files/Pods-SteamGatherer/Pods-SteamGatherer.release.xcconfig"; sourceTree = "<group>"; };
		FF4B298EA9E74590FC247607 /* Pods-SteamGathererUITests.release.xcconfig */ = {isa = PBXFileReference; includeInIndex = 1; lastKnownFileType = text.xcconfig; name = "Pods-SteamGathererUITests.release.xcconfig"; path = "Pods/Target Support Files/Pods-SteamGathererUITests/Pods-SteamGathererUITests.release.xcconfig"; sourceTree = "<group>"; };
/* End PBXFileReference section */

/* Begin PBXFrameworksBuildPhase section */
		34CE860120A08C32002EE744 /* Frameworks */ = {
			isa = PBXFrameworksBuildPhase;
			buildActionMask = 2147483647;
			files = (
				30D136314FFC8139C63FCED9 /* Pods_SteamGatherer.framework in Frameworks */,
			);
			runOnlyForDeploymentPostprocessing = 0;
		};
		34CE861520A08C34002EE744 /* Frameworks */ = {
			isa = PBXFrameworksBuildPhase;
			buildActionMask = 2147483647;
			files = (
				E8EFD3D0B1785F917A3D73A1 /* Pods_SteamGathererTests.framework in Frameworks */,
			);
			runOnlyForDeploymentPostprocessing = 0;
		};
		34CE862020A08C34002EE744 /* Frameworks */ = {
			isa = PBXFrameworksBuildPhase;
			buildActionMask = 2147483647;
			files = (
				87172ADE28A6A4607CE0D664 /* Pods_SteamGathererUITests.framework in Frameworks */,
			);
			runOnlyForDeploymentPostprocessing = 0;
		};
/* End PBXFrameworksBuildPhase section */

/* Begin PBXGroup section */
		3415C8E220A0912B009CBF30 /* Targets */ = {
			isa = PBXGroup;
			children = (
				3415C90D20A0A4DB009CBF30 /* GoogleService-Info.plist */,
				3415C8EA20A0944C009CBF30 /* Fonts */,
				3415C8E320A09134009CBF30 /* Shared.swift */,
			);
			path = Targets;
			sourceTree = "<group>";
		};
		3415C8E720A093BF009CBF30 /* Base */ = {
			isa = PBXGroup;
			children = (
				3415C8E820A093C6009CBF30 /* BaseViews.swift */,
				34A2760920A595EF00B15F01 /* BaseViewController.swift */,
			);
			path = Base;
			sourceTree = "<group>";
		};
		3415C8EA20A0944C009CBF30 /* Fonts */ = {
			isa = PBXGroup;
			children = (
				3415C8EE20A0946C009CBF30 /* DINPro-Black.otf */,
				3415C8EF20A0946C009CBF30 /* DINPro-Bold.otf */,
				3415C8EB20A0946C009CBF30 /* DINPro-Light.otf */,
				3415C8EC20A0946C009CBF30 /* DINPro-Medium.otf */,
				3415C8ED20A0946C009CBF30 /* DINPro-Regular.otf */,
			);
			path = Fonts;
			sourceTree = "<group>";
		};
		3415C90720A0A09C009CBF30 /* Main */ = {
			isa = PBXGroup;
			children = (
				3415C90F20A0AE31009CBF30 /* MainTabBarController.swift */,
				3415C90820A0A0A8009CBF30 /* HomeViewController.swift */,
				3415C91320A183DA009CBF30 /* GroupViewController.swift */,
				3415C91520A18CC3009CBF30 /* SideMenuViewController.swift */,
				34C39F3D20A2D8D5007F771A /* ModeViewController.swift */,
			);
			path = Main;
			sourceTree = "<group>";
		};
		34C39F4120A30028007F771A /* Player */ = {
			isa = PBXGroup;
			children = (
				34C39F4220A30033007F771A /* PlayerViewController.swift */,
				34A2760520A591AA00B15F01 /* EditProfileViewController.swift */,
			);
			path = Player;
			sourceTree = "<group>";
		};
		34CE85FB20A08C32002EE744 = {
			isa = PBXGroup;
			children = (
				3415C8E220A0912B009CBF30 /* Targets */,
				34CE860620A08C32002EE744 /* SteamGatherer */,
				34CE863520A08CF4002EE744 /* Core */,
				34CE861B20A08C34002EE744 /* SteamGathererTests */,
				34CE862620A08C34002EE744 /* SteamGathererUITests */,
				34CE860520A08C32002EE744 /* Products */,
				A5AE4ED5D35B9BA5EDEB832E /* Pods */,
				E76E68C64FE4C59678F97589 /* Frameworks */,
			);
			sourceTree = "<group>";
		};
		34CE860520A08C32002EE744 /* Products */ = {
			isa = PBXGroup;
			children = (
				34CE860420A08C32002EE744 /* SteamGatherer.app */,
				34CE861820A08C34002EE744 /* SteamGathererTests.xctest */,
				34CE862320A08C34002EE744 /* SteamGathererUITests.xctest */,
			);
			name = Products;
			sourceTree = "<group>";
		};
		34CE860620A08C32002EE744 /* SteamGatherer */ = {
			isa = PBXGroup;
			children = (
				3415C8E720A093BF009CBF30 /* Base */,
				34CE863820A08FB1002EE744 /* Supporting Files */,
				34C39F4120A30028007F771A /* Player */,
				3415C90720A0A09C009CBF30 /* Main */,
				34CE860920A08C32002EE744 /* LoginViewController.swift */,
				3415C90320A09E73009CBF30 /* RegisterViewController.swift */,
				34C39F4620A312BB007F771A /* RegisterInfoViewController.swift */,
				34C39F4820A31795007F771A /* TiersViewController.swift */,
				34CE861320A08C33002EE744 /* Info.plist */,
			);
			path = SteamGatherer;
			sourceTree = "<group>";
		};
		34CE861B20A08C34002EE744 /* SteamGathererTests */ = {
			isa = PBXGroup;
			children = (
				34CE861C20A08C34002EE744 /* SteamGathererTests.swift */,
				34CE861E20A08C34002EE744 /* Info.plist */,
			);
			path = SteamGathererTests;
			sourceTree = "<group>";
		};
		34CE862620A08C34002EE744 /* SteamGathererUITests */ = {
			isa = PBXGroup;
			children = (
				34CE862720A08C34002EE744 /* SteamGathererUITests.swift */,
				34CE862920A08C34002EE744 /* Info.plist */,
			);
			path = SteamGathererUITests;
			sourceTree = "<group>";
		};
		34CE863520A08CF4002EE744 /* Core */ = {
			isa = PBXGroup;
			children = (
				34CE863620A08FAB002EE744 /* RLClient.swift */,
				3415C91120A0B5E7009CBF30 /* RLResponse.swift */,
				3415C90520A09FF6009CBF30 /* SessionManager.swift */,
				34C39F4420A300C6007F771A /* FirebaseManager.swift */,
				34C39F3F20A2F5C6007F771A /* Model.swift */,
				3415C90120A09711009CBF30 /* UIColor.swift */,
				3415C8E520A09330009CBF30 /* UIKit.swift */,
				34A2760720A5928300B15F01 /* Constants.swift */,
			);
			path = Core;
			sourceTree = "<group>";
		};
		34CE863820A08FB1002EE744 /* Supporting Files */ = {
			isa = PBXGroup;
			children = (
				34CE860720A08C32002EE744 /* AppDelegate.swift */,
				34CE860E20A08C33002EE744 /* Assets.xcassets */,
				3415C8FF20A096ED009CBF30 /* Images.xcassets */,
				34CE861020A08C33002EE744 /* LaunchScreen.storyboard */,
			);
			path = "Supporting Files";
			sourceTree = "<group>";
		};
		A5AE4ED5D35B9BA5EDEB832E /* Pods */ = {
			isa = PBXGroup;
			children = (
				43801131ECB005629918E5C4 /* Pods-SteamGatherer.debug.xcconfig */,
				FAC89A3CEA396AF7894DA62D /* Pods-SteamGatherer.release.xcconfig */,
				21862F992E79EBC22B2A2A67 /* Pods-SteamGathererTests.debug.xcconfig */,
				A3E4921E950A4E65AA3483CD /* Pods-SteamGathererTests.release.xcconfig */,
				96FEF6FA3CF9E625D37A5845 /* Pods-SteamGathererUITests.debug.xcconfig */,
				FF4B298EA9E74590FC247607 /* Pods-SteamGathererUITests.release.xcconfig */,
			);
			name = Pods;
			sourceTree = "<group>";
		};
		E76E68C64FE4C59678F97589 /* Frameworks */ = {
			isa = PBXGroup;
			children = (
				EFE2AF473FC577E59E02F2A8 /* Pods_SteamGatherer.framework */,
				D1888F817C14E0318E241025 /* Pods_SteamGathererTests.framework */,
				3343A29159E7442341D1F7B6 /* Pods_SteamGathererUITests.framework */,
			);
			name = Frameworks;
			sourceTree = "<group>";
		};
/* End PBXGroup section */

/* Begin PBXNativeTarget section */
		34CE860320A08C32002EE744 /* SteamGatherer */ = {
			isa = PBXNativeTarget;
			buildConfigurationList = 34CE862C20A08C34002EE744 /* Build configuration list for PBXNativeTarget "SteamGatherer" */;
			buildPhases = (
				2A3A3A2BBB4EB11ED1CD80EC /* [CP] Check Pods Manifest.lock */,
				34CE860020A08C32002EE744 /* Sources */,
				34CE860120A08C32002EE744 /* Frameworks */,
				34CE860220A08C32002EE744 /* Resources */,
				D2A8F5C7373A11144657F641 /* [CP] Embed Pods Frameworks */,
				39A5F04049D4E2BEB23851E9 /* [CP] Copy Pods Resources */,
			);
			buildRules = (
			);
			dependencies = (
			);
			name = SteamGatherer;
			productName = SteamGatherer;
			productReference = 34CE860420A08C32002EE744 /* SteamGatherer.app */;
			productType = "com.apple.product-type.application";
		};
		34CE861720A08C34002EE744 /* SteamGathererTests */ = {
			isa = PBXNativeTarget;
			buildConfigurationList = 34CE862F20A08C34002EE744 /* Build configuration list for PBXNativeTarget "SteamGathererTests" */;
			buildPhases = (
				103A01795D86F74720F456F8 /* [CP] Check Pods Manifest.lock */,
				34CE861420A08C34002EE744 /* Sources */,
				34CE861520A08C34002EE744 /* Frameworks */,
				34CE861620A08C34002EE744 /* Resources */,
				A5FCCE43780E0D89506F1CF8 /* [CP] Embed Pods Frameworks */,
				AC6E51519738771333CCDC36 /* [CP] Copy Pods Resources */,
			);
			buildRules = (
			);
			dependencies = (
				34CE861A20A08C34002EE744 /* PBXTargetDependency */,
			);
			name = SteamGathererTests;
			productName = SteamGathererTests;
			productReference = 34CE861820A08C34002EE744 /* SteamGathererTests.xctest */;
			productType = "com.apple.product-type.bundle.unit-test";
		};
		34CE862220A08C34002EE744 /* SteamGathererUITests */ = {
			isa = PBXNativeTarget;
			buildConfigurationList = 34CE863220A08C34002EE744 /* Build configuration list for PBXNativeTarget "SteamGathererUITests" */;
			buildPhases = (
				FB3D08B725C481F4EC1B1947 /* [CP] Check Pods Manifest.lock */,
				34CE861F20A08C34002EE744 /* Sources */,
				34CE862020A08C34002EE744 /* Frameworks */,
				34CE862120A08C34002EE744 /* Resources */,
				C5512031E1269CFF58BAA984 /* [CP] Embed Pods Frameworks */,
				C2F66A066D6BF72C3D001D35 /* [CP] Copy Pods Resources */,
			);
			buildRules = (
			);
			dependencies = (
				34CE862520A08C34002EE744 /* PBXTargetDependency */,
			);
			name = SteamGathererUITests;
			productName = SteamGathererUITests;
			productReference = 34CE862320A08C34002EE744 /* SteamGathererUITests.xctest */;
			productType = "com.apple.product-type.bundle.ui-testing";
		};
/* End PBXNativeTarget section */

/* Begin PBXProject section */
		34CE85FC20A08C32002EE744 /* Project object */ = {
			isa = PBXProject;
			attributes = {
				LastSwiftUpdateCheck = 0930;
				LastUpgradeCheck = 0930;
				ORGANIZATIONNAME = Giancarlo;
				TargetAttributes = {
					34CE860320A08C32002EE744 = {
						CreatedOnToolsVersion = 9.3;
					};
					34CE861720A08C34002EE744 = {
						CreatedOnToolsVersion = 9.3;
						TestTargetID = 34CE860320A08C32002EE744;
					};
					34CE862220A08C34002EE744 = {
						CreatedOnToolsVersion = 9.3;
						TestTargetID = 34CE860320A08C32002EE744;
					};
				};
			};
			buildConfigurationList = 34CE85FF20A08C32002EE744 /* Build configuration list for PBXProject "SteamGatherer" */;
			compatibilityVersion = "Xcode 9.3";
			developmentRegion = en;
			hasScannedForEncodings = 0;
			knownRegions = (
				en,
				Base,
			);
			mainGroup = 34CE85FB20A08C32002EE744;
			productRefGroup = 34CE860520A08C32002EE744 /* Products */;
			projectDirPath = "";
			projectRoot = "";
			targets = (
				34CE860320A08C32002EE744 /* SteamGatherer */,
				34CE861720A08C34002EE744 /* SteamGathererTests */,
				34CE862220A08C34002EE744 /* SteamGathererUITests */,
			);
		};
/* End PBXProject section */

/* Begin PBXResourcesBuildPhase section */
		34CE860220A08C32002EE744 /* Resources */ = {
			isa = PBXResourcesBuildPhase;
			buildActionMask = 2147483647;
			files = (
				3415C90E20A0A4DB009CBF30 /* GoogleService-Info.plist in Resources */,
				34CE861220A08C33002EE744 /* LaunchScreen.storyboard in Resources */,
				3415C90020A096ED009CBF30 /* Images.xcassets in Resources */,
				3415C8FB20A09695009CBF30 /* DINPro-Black.otf in Resources */,
				3415C8FC20A09697009CBF30 /* DINPro-Light.otf in Resources */,
				3415C8FA20A09690009CBF30 /* DINPro-Bold.otf in Resources */,
				3415C8FD20A09699009CBF30 /* DINPro-Medium.otf in Resources */,
				3415C8FE20A0969D009CBF30 /* DINPro-Regular.otf in Resources */,
				34CE860F20A08C33002EE744 /* Assets.xcassets in Resources */,
			);
			runOnlyForDeploymentPostprocessing = 0;
		};
		34CE861620A08C34002EE744 /* Resources */ = {
			isa = PBXResourcesBuildPhase;
			buildActionMask = 2147483647;
			files = (
			);
			runOnlyForDeploymentPostprocessing = 0;
		};
		34CE862120A08C34002EE744 /* Resources */ = {
			isa = PBXResourcesBuildPhase;
			buildActionMask = 2147483647;
			files = (
			);
			runOnlyForDeploymentPostprocessing = 0;
		};
/* End PBXResourcesBuildPhase section */

/* Begin PBXShellScriptBuildPhase section */
		103A01795D86F74720F456F8 /* [CP] Check Pods Manifest.lock */ = {
			isa = PBXShellScriptBuildPhase;
			buildActionMask = 2147483647;
			files = (
			);
			inputPaths = (
				"${PODS_PODFILE_DIR_PATH}/Podfile.lock",
				"${PODS_ROOT}/Manifest.lock",
			);
			name = "[CP] Check Pods Manifest.lock";
			outputPaths = (
				"$(DERIVED_FILE_DIR)/Pods-SteamGathererTests-checkManifestLockResult.txt",
			);
			runOnlyForDeploymentPostprocessing = 0;
			shellPath = /bin/sh;
			shellScript = "diff \"${PODS_PODFILE_DIR_PATH}/Podfile.lock\" \"${PODS_ROOT}/Manifest.lock\" > /dev/null\nif [ $? != 0 ] ; then\n    # print error to STDERR\n    echo \"error: The sandbox is not in sync with the Podfile.lock. Run 'pod install' or update your CocoaPods installation.\" >&2\n    exit 1\nfi\n# This output is used by Xcode 'outputs' to avoid re-running this script phase.\necho \"SUCCESS\" > \"${SCRIPT_OUTPUT_FILE_0}\"\n";
			showEnvVarsInLog = 0;
		};
		2A3A3A2BBB4EB11ED1CD80EC /* [CP] Check Pods Manifest.lock */ = {
			isa = PBXShellScriptBuildPhase;
			buildActionMask = 2147483647;
			files = (
			);
			inputPaths = (
				"${PODS_PODFILE_DIR_PATH}/Podfile.lock",
				"${PODS_ROOT}/Manifest.lock",
			);
			name = "[CP] Check Pods Manifest.lock";
			outputPaths = (
				"$(DERIVED_FILE_DIR)/Pods-SteamGatherer-checkManifestLockResult.txt",
			);
			runOnlyForDeploymentPostprocessing = 0;
			shellPath = /bin/sh;
			shellScript = "diff \"${PODS_PODFILE_DIR_PATH}/Podfile.lock\" \"${PODS_ROOT}/Manifest.lock\" > /dev/null\nif [ $? != 0 ] ; then\n    # print error to STDERR\n    echo \"error: The sandbox is not in sync with the Podfile.lock. Run 'pod install' or update your CocoaPods installation.\" >&2\n    exit 1\nfi\n# This output is used by Xcode 'outputs' to avoid re-running this script phase.\necho \"SUCCESS\" > \"${SCRIPT_OUTPUT_FILE_0}\"\n";
			showEnvVarsInLog = 0;
		};
		39A5F04049D4E2BEB23851E9 /* [CP] Copy Pods Resources */ = {
			isa = PBXShellScriptBuildPhase;
			buildActionMask = 2147483647;
			files = (
			);
			inputPaths = (
			);
			name = "[CP] Copy Pods Resources";
			outputPaths = (
			);
			runOnlyForDeploymentPostprocessing = 0;
			shellPath = /bin/sh;
			shellScript = "\"${SRCROOT}/Pods/Target Support Files/Pods-SteamGatherer/Pods-SteamGatherer-resources.sh\"\n";
			showEnvVarsInLog = 0;
		};
		A5FCCE43780E0D89506F1CF8 /* [CP] Embed Pods Frameworks */ = {
			isa = PBXShellScriptBuildPhase;
			buildActionMask = 2147483647;
			files = (
			);
			inputPaths = (
			);
			name = "[CP] Embed Pods Frameworks";
			outputPaths = (
			);
			runOnlyForDeploymentPostprocessing = 0;
			shellPath = /bin/sh;
			shellScript = "\"${SRCROOT}/Pods/Target Support Files/Pods-SteamGathererTests/Pods-SteamGathererTests-frameworks.sh\"\n";
			showEnvVarsInLog = 0;
		};
		AC6E51519738771333CCDC36 /* [CP] Copy Pods Resources */ = {
			isa = PBXShellScriptBuildPhase;
			buildActionMask = 2147483647;
			files = (
			);
			inputPaths = (
			);
			name = "[CP] Copy Pods Resources";
			outputPaths = (
			);
			runOnlyForDeploymentPostprocessing = 0;
			shellPath = /bin/sh;
			shellScript = "\"${SRCROOT}/Pods/Target Support Files/Pods-SteamGathererTests/Pods-SteamGathererTests-resources.sh\"\n";
			showEnvVarsInLog = 0;
		};
		C2F66A066D6BF72C3D001D35 /* [CP] Copy Pods Resources */ = {
			isa = PBXShellScriptBuildPhase;
			buildActionMask = 2147483647;
			files = (
			);
			inputPaths = (
			);
			name = "[CP] Copy Pods Resources";
			outputPaths = (
			);
			runOnlyForDeploymentPostprocessing = 0;
			shellPath = /bin/sh;
			shellScript = "\"${SRCROOT}/Pods/Target Support Files/Pods-SteamGathererUITests/Pods-SteamGathererUITests-resources.sh\"\n";
			showEnvVarsInLog = 0;
		};
		C5512031E1269CFF58BAA984 /* [CP] Embed Pods Frameworks */ = {
			isa = PBXShellScriptBuildPhase;
			buildActionMask = 2147483647;
			files = (
			);
			inputPaths = (
			);
			name = "[CP] Embed Pods Frameworks";
			outputPaths = (
			);
			runOnlyForDeploymentPostprocessing = 0;
			shellPath = /bin/sh;
			shellScript = "\"${SRCROOT}/Pods/Target Support Files/Pods-SteamGathererUITests/Pods-SteamGathererUITests-frameworks.sh\"\n";
			showEnvVarsInLog = 0;
		};
		D2A8F5C7373A11144657F641 /* [CP] Embed Pods Frameworks */ = {
			isa = PBXShellScriptBuildPhase;
			buildActionMask = 2147483647;
			files = (
			);
			inputPaths = (
				"${SRCROOT}/Pods/Target Support Files/Pods-SteamGatherer/Pods-SteamGatherer-frameworks.sh",
				"${BUILT_PRODUCTS_DIR}/BoringSSL/openssl.framework",
				"${BUILT_PRODUCTS_DIR}/Endpoints/Endpoints.framework",
				"${BUILT_PRODUCTS_DIR}/GTMSessionFetcher/GTMSessionFetcher.framework",
				"${BUILT_PRODUCTS_DIR}/GoogleToolboxForMac/GoogleToolboxForMac.framework",
				"${BUILT_PRODUCTS_DIR}/Protobuf/Protobuf.framework",
				"${BUILT_PRODUCTS_DIR}/Realm/Realm.framework",
				"${BUILT_PRODUCTS_DIR}/RealmSwift/RealmSwift.framework",
				"${BUILT_PRODUCTS_DIR}/SCPageViewController/SCPageViewController.framework",
				"${BUILT_PRODUCTS_DIR}/SCScrollView/SCScrollView.framework",
				"${BUILT_PRODUCTS_DIR}/SDWebImage/SDWebImage.framework",
				"${BUILT_PRODUCTS_DIR}/SideMenu/SideMenu.framework",
				"${BUILT_PRODUCTS_DIR}/Unbox/Unbox.framework",
				"${BUILT_PRODUCTS_DIR}/gRPC/GRPCClient.framework",
				"${BUILT_PRODUCTS_DIR}/gRPC-Core/grpc.framework",
				"${BUILT_PRODUCTS_DIR}/gRPC-ProtoRPC/ProtoRPC.framework",
				"${BUILT_PRODUCTS_DIR}/gRPC-RxLibrary/RxLibrary.framework",
				"${BUILT_PRODUCTS_DIR}/leveldb-library/leveldb.framework",
				"${BUILT_PRODUCTS_DIR}/nanopb/nanopb.framework",
			);
			name = "[CP] Embed Pods Frameworks";
			outputPaths = (
				"${TARGET_BUILD_DIR}/${FRAMEWORKS_FOLDER_PATH}/openssl.framework",
				"${TARGET_BUILD_DIR}/${FRAMEWORKS_FOLDER_PATH}/Endpoints.framework",
				"${TARGET_BUILD_DIR}/${FRAMEWORKS_FOLDER_PATH}/GTMSessionFetcher.framework",
				"${TARGET_BUILD_DIR}/${FRAMEWORKS_FOLDER_PATH}/GoogleToolboxForMac.framework",
				"${TARGET_BUILD_DIR}/${FRAMEWORKS_FOLDER_PATH}/Protobuf.framework",
				"${TARGET_BUILD_DIR}/${FRAMEWORKS_FOLDER_PATH}/Realm.framework",
				"${TARGET_BUILD_DIR}/${FRAMEWORKS_FOLDER_PATH}/RealmSwift.framework",
				"${TARGET_BUILD_DIR}/${FRAMEWORKS_FOLDER_PATH}/SCPageViewController.framework",
				"${TARGET_BUILD_DIR}/${FRAMEWORKS_FOLDER_PATH}/SCScrollView.framework",
				"${TARGET_BUILD_DIR}/${FRAMEWORKS_FOLDER_PATH}/SDWebImage.framework",
				"${TARGET_BUILD_DIR}/${FRAMEWORKS_FOLDER_PATH}/SideMenu.framework",
				"${TARGET_BUILD_DIR}/${FRAMEWORKS_FOLDER_PATH}/Unbox.framework",
				"${TARGET_BUILD_DIR}/${FRAMEWORKS_FOLDER_PATH}/GRPCClient.framework",
				"${TARGET_BUILD_DIR}/${FRAMEWORKS_FOLDER_PATH}/grpc.framework",
				"${TARGET_BUILD_DIR}/${FRAMEWORKS_FOLDER_PATH}/ProtoRPC.framework",
				"${TARGET_BUILD_DIR}/${FRAMEWORKS_FOLDER_PATH}/RxLibrary.framework",
				"${TARGET_BUILD_DIR}/${FRAMEWORKS_FOLDER_PATH}/leveldb.framework",
				"${TARGET_BUILD_DIR}/${FRAMEWORKS_FOLDER_PATH}/nanopb.framework",
			);
			runOnlyForDeploymentPostprocessing = 0;
			shellPath = /bin/sh;
			shellScript = "\"${SRCROOT}/Pods/Target Support Files/Pods-SteamGatherer/Pods-SteamGatherer-frameworks.sh\"\n";
			showEnvVarsInLog = 0;
		};
		FB3D08B725C481F4EC1B1947 /* [CP] Check Pods Manifest.lock */ = {
			isa = PBXShellScriptBuildPhase;
			buildActionMask = 2147483647;
			files = (
			);
			inputPaths = (
				"${PODS_PODFILE_DIR_PATH}/Podfile.lock",
				"${PODS_ROOT}/Manifest.lock",
			);
			name = "[CP] Check Pods Manifest.lock";
			outputPaths = (
				"$(DERIVED_FILE_DIR)/Pods-SteamGathererUITests-checkManifestLockResult.txt",
			);
			runOnlyForDeploymentPostprocessing = 0;
			shellPath = /bin/sh;
			shellScript = "diff \"${PODS_PODFILE_DIR_PATH}/Podfile.lock\" \"${PODS_ROOT}/Manifest.lock\" > /dev/null\nif [ $? != 0 ] ; then\n    # print error to STDERR\n    echo \"error: The sandbox is not in sync with the Podfile.lock. Run 'pod install' or update your CocoaPods installation.\" >&2\n    exit 1\nfi\n# This output is used by Xcode 'outputs' to avoid re-running this script phase.\necho \"SUCCESS\" > \"${SCRIPT_OUTPUT_FILE_0}\"\n";
			showEnvVarsInLog = 0;
		};
/* End PBXShellScriptBuildPhase section */

/* Begin PBXSourcesBuildPhase section */
		34CE860020A08C32002EE744 /* Sources */ = {
			isa = PBXSourcesBuildPhase;
			buildActionMask = 2147483647;
			files = (
				3415C8E620A09330009CBF30 /* UIKit.swift in Sources */,
				34A2760820A5928300B15F01 /* Constants.swift in Sources */,
				3415C90220A09711009CBF30 /* UIColor.swift in Sources */,
				34A2760A20A595EF00B15F01 /* BaseViewController.swift in Sources */,
				3415C91020A0AE31009CBF30 /* MainTabBarController.swift in Sources */,
				34C39F4720A312BB007F771A /* RegisterInfoViewController.swift in Sources */,
				3415C90620A09FF6009CBF30 /* SessionManager.swift in Sources */,
				34C39F3E20A2D8D5007F771A /* ModeViewController.swift in Sources */,
				3415C91620A18CC3009CBF30 /* SideMenuViewController.swift in Sources */,
				3415C8E420A09134009CBF30 /* Shared.swift in Sources */,
				34C39F4020A2F5C6007F771A /* Model.swift in Sources */,
				3415C90420A09E73009CBF30 /* RegisterViewController.swift in Sources */,
				34CE863720A08FAB002EE744 /* RLClient.swift in Sources */,
				3415C8E920A093C6009CBF30 /* BaseViews.swift in Sources */,
				3415C91220A0B5E7009CBF30 /* RLResponse.swift in Sources */,
				34C39F4520A300C6007F771A /* FirebaseManager.swift in Sources */,
				34C39F4920A31795007F771A /* TiersViewController.swift in Sources */,
				34CE860A20A08C32002EE744 /* LoginViewController.swift in Sources */,
				3415C91420A183DA009CBF30 /* GroupViewController.swift in Sources */,
				34CE860820A08C32002EE744 /* AppDelegate.swift in Sources */,
				3415C90920A0A0A8009CBF30 /* HomeViewController.swift in Sources */,
				34C39F4320A30033007F771A /* PlayerViewController.swift in Sources */,
				34A2760620A591AA00B15F01 /* EditProfileViewController.swift in Sources */,
			);
			runOnlyForDeploymentPostprocessing = 0;
		};
		34CE861420A08C34002EE744 /* Sources */ = {
			isa = PBXSourcesBuildPhase;
			buildActionMask = 2147483647;
			files = (
				34CE861D20A08C34002EE744 /* SteamGathererTests.swift in Sources */,
			);
			runOnlyForDeploymentPostprocessing = 0;
		};
		34CE861F20A08C34002EE744 /* Sources */ = {
			isa = PBXSourcesBuildPhase;
			buildActionMask = 2147483647;
			files = (
				34CE862820A08C34002EE744 /* SteamGathererUITests.swift in Sources */,
			);
			runOnlyForDeploymentPostprocessing = 0;
		};
/* End PBXSourcesBuildPhase section */

/* Begin PBXTargetDependency section */
		34CE861A20A08C34002EE744 /* PBXTargetDependency */ = {
			isa = PBXTargetDependency;
			target = 34CE860320A08C32002EE744 /* SteamGatherer */;
			targetProxy = 34CE861920A08C34002EE744 /* PBXContainerItemProxy */;
		};
		34CE862520A08C34002EE744 /* PBXTargetDependency */ = {
			isa = PBXTargetDependency;
			target = 34CE860320A08C32002EE744 /* SteamGatherer */;
			targetProxy = 34CE862420A08C34002EE744 /* PBXContainerItemProxy */;
		};
/* End PBXTargetDependency section */

/* Begin PBXVariantGroup section */
		34CE861020A08C33002EE744 /* LaunchScreen.storyboard */ = {
			isa = PBXVariantGroup;
			children = (
				34CE861120A08C33002EE744 /* Base */,
			);
			name = LaunchScreen.storyboard;
			sourceTree = "<group>";
		};
/* End PBXVariantGroup section */

/* Begin XCBuildConfiguration section */
		34CE862A20A08C34002EE744 /* Debug */ = {
			isa = XCBuildConfiguration;
			buildSettings = {
				ALWAYS_SEARCH_USER_PATHS = NO;
				CLANG_ANALYZER_NONNULL = YES;
				CLANG_ANALYZER_NUMBER_OBJECT_CONVERSION = YES_AGGRESSIVE;
				CLANG_CXX_LANGUAGE_STANDARD = "gnu++14";
				CLANG_CXX_LIBRARY = "libc++";
				CLANG_ENABLE_MODULES = YES;
				CLANG_ENABLE_OBJC_ARC = YES;
				CLANG_ENABLE_OBJC_WEAK = YES;
				CLANG_WARN_BLOCK_CAPTURE_AUTORELEASING = YES;
				CLANG_WARN_BOOL_CONVERSION = YES;
				CLANG_WARN_COMMA = YES;
				CLANG_WARN_CONSTANT_CONVERSION = YES;
				CLANG_WARN_DEPRECATED_OBJC_IMPLEMENTATIONS = YES;
				CLANG_WARN_DIRECT_OBJC_ISA_USAGE = YES_ERROR;
				CLANG_WARN_DOCUMENTATION_COMMENTS = YES;
				CLANG_WARN_EMPTY_BODY = YES;
				CLANG_WARN_ENUM_CONVERSION = YES;
				CLANG_WARN_INFINITE_RECURSION = YES;
				CLANG_WARN_INT_CONVERSION = YES;
				CLANG_WARN_NON_LITERAL_NULL_CONVERSION = YES;
				CLANG_WARN_OBJC_IMPLICIT_RETAIN_SELF = YES;
				CLANG_WARN_OBJC_LITERAL_CONVERSION = YES;
				CLANG_WARN_OBJC_ROOT_CLASS = YES_ERROR;
				CLANG_WARN_RANGE_LOOP_ANALYSIS = YES;
				CLANG_WARN_STRICT_PROTOTYPES = YES;
				CLANG_WARN_SUSPICIOUS_MOVE = YES;
				CLANG_WARN_UNGUARDED_AVAILABILITY = YES_AGGRESSIVE;
				CLANG_WARN_UNREACHABLE_CODE = YES;
				CLANG_WARN__DUPLICATE_METHOD_MATCH = YES;
				CODE_SIGN_IDENTITY = "iPhone Developer";
				COPY_PHASE_STRIP = NO;
				DEBUG_INFORMATION_FORMAT = dwarf;
				ENABLE_STRICT_OBJC_MSGSEND = YES;
				ENABLE_TESTABILITY = YES;
				GCC_C_LANGUAGE_STANDARD = gnu11;
				GCC_DYNAMIC_NO_PIC = NO;
				GCC_NO_COMMON_BLOCKS = YES;
				GCC_OPTIMIZATION_LEVEL = 0;
				GCC_PREPROCESSOR_DEFINITIONS = (
					"DEBUG=1",
					"$(inherited)",
				);
				GCC_WARN_64_TO_32_BIT_CONVERSION = YES;
				GCC_WARN_ABOUT_RETURN_TYPE = YES_ERROR;
				GCC_WARN_UNDECLARED_SELECTOR = YES;
				GCC_WARN_UNINITIALIZED_AUTOS = YES_AGGRESSIVE;
				GCC_WARN_UNUSED_FUNCTION = YES;
				GCC_WARN_UNUSED_VARIABLE = YES;
				IPHONEOS_DEPLOYMENT_TARGET = 11.3;
				MTL_ENABLE_DEBUG_INFO = YES;
				ONLY_ACTIVE_ARCH = YES;
				SDKROOT = iphoneos;
				SWIFT_ACTIVE_COMPILATION_CONDITIONS = DEBUG;
				SWIFT_OPTIMIZATION_LEVEL = "-Onone";
			};
			name = Debug;
		};
		34CE862B20A08C34002EE744 /* Release */ = {
			isa = XCBuildConfiguration;
			buildSettings = {
				ALWAYS_SEARCH_USER_PATHS = NO;
				CLANG_ANALYZER_NONNULL = YES;
				CLANG_ANALYZER_NUMBER_OBJECT_CONVERSION = YES_AGGRESSIVE;
				CLANG_CXX_LANGUAGE_STANDARD = "gnu++14";
				CLANG_CXX_LIBRARY = "libc++";
				CLANG_ENABLE_MODULES = YES;
				CLANG_ENABLE_OBJC_ARC = YES;
				CLANG_ENABLE_OBJC_WEAK = YES;
				CLANG_WARN_BLOCK_CAPTURE_AUTORELEASING = YES;
				CLANG_WARN_BOOL_CONVERSION = YES;
				CLANG_WARN_COMMA = YES;
				CLANG_WARN_CONSTANT_CONVERSION = YES;
				CLANG_WARN_DEPRECATED_OBJC_IMPLEMENTATIONS = YES;
				CLANG_WARN_DIRECT_OBJC_ISA_USAGE = YES_ERROR;
				CLANG_WARN_DOCUMENTATION_COMMENTS = YES;
				CLANG_WARN_EMPTY_BODY = YES;
				CLANG_WARN_ENUM_CONVERSION = YES;
				CLANG_WARN_INFINITE_RECURSION = YES;
				CLANG_WARN_INT_CONVERSION = YES;
				CLANG_WARN_NON_LITERAL_NULL_CONVERSION = YES;
				CLANG_WARN_OBJC_IMPLICIT_RETAIN_SELF = YES;
				CLANG_WARN_OBJC_LITERAL_CONVERSION = YES;
				CLANG_WARN_OBJC_ROOT_CLASS = YES_ERROR;
				CLANG_WARN_RANGE_LOOP_ANALYSIS = YES;
				CLANG_WARN_STRICT_PROTOTYPES = YES;
				CLANG_WARN_SUSPICIOUS_MOVE = YES;
				CLANG_WARN_UNGUARDED_AVAILABILITY = YES_AGGRESSIVE;
				CLANG_WARN_UNREACHABLE_CODE = YES;
				CLANG_WARN__DUPLICATE_METHOD_MATCH = YES;
				CODE_SIGN_IDENTITY = "iPhone Developer";
				COPY_PHASE_STRIP = NO;
				DEBUG_INFORMATION_FORMAT = "dwarf-with-dsym";
				ENABLE_NS_ASSERTIONS = NO;
				ENABLE_STRICT_OBJC_MSGSEND = YES;
				GCC_C_LANGUAGE_STANDARD = gnu11;
				GCC_NO_COMMON_BLOCKS = YES;
				GCC_WARN_64_TO_32_BIT_CONVERSION = YES;
				GCC_WARN_ABOUT_RETURN_TYPE = YES_ERROR;
				GCC_WARN_UNDECLARED_SELECTOR = YES;
				GCC_WARN_UNINITIALIZED_AUTOS = YES_AGGRESSIVE;
				GCC_WARN_UNUSED_FUNCTION = YES;
				GCC_WARN_UNUSED_VARIABLE = YES;
				IPHONEOS_DEPLOYMENT_TARGET = 11.3;
				MTL_ENABLE_DEBUG_INFO = NO;
				SDKROOT = iphoneos;
				SWIFT_COMPILATION_MODE = wholemodule;
				SWIFT_OPTIMIZATION_LEVEL = "-O";
				VALIDATE_PRODUCT = YES;
			};
			name = Release;
		};
		34CE862D20A08C34002EE744 /* Debug */ = {
			isa = XCBuildConfiguration;
			baseConfigurationReference = 43801131ECB005629918E5C4 /* Pods-SteamGatherer.debug.xcconfig */;
			buildSettings = {
				ASSETCATALOG_COMPILER_APPICON_NAME = AppIcon;
				CODE_SIGN_STYLE = Automatic;
				INFOPLIST_FILE = SteamGatherer/Info.plist;
				LD_RUNPATH_SEARCH_PATHS = (
					"$(inherited)",
					"@executable_path/Frameworks",
				);
				PRODUCT_BUNDLE_IDENTIFIER = com.giancarlobuenaflor.SteamGatherer;
				PRODUCT_NAME = "$(TARGET_NAME)";
				SWIFT_VERSION = 4.0;
				TARGETED_DEVICE_FAMILY = "1,2";
			};
			name = Debug;
		};
		34CE862E20A08C34002EE744 /* Release */ = {
			isa = XCBuildConfiguration;
			baseConfigurationReference = FAC89A3CEA396AF7894DA62D /* Pods-SteamGatherer.release.xcconfig */;
			buildSettings = {
				ASSETCATALOG_COMPILER_APPICON_NAME = AppIcon;
				CODE_SIGN_STYLE = Automatic;
				INFOPLIST_FILE = SteamGatherer/Info.plist;
				LD_RUNPATH_SEARCH_PATHS = (
					"$(inherited)",
					"@executable_path/Frameworks",
				);
				PRODUCT_BUNDLE_IDENTIFIER = com.giancarlobuenaflor.SteamGatherer;
				PRODUCT_NAME = "$(TARGET_NAME)";
				SWIFT_VERSION = 4.0;
				TARGETED_DEVICE_FAMILY = "1,2";
			};
			name = Release;
		};
		34CE863020A08C34002EE744 /* Debug */ = {
			isa = XCBuildConfiguration;
			baseConfigurationReference = 21862F992E79EBC22B2A2A67 /* Pods-SteamGathererTests.debug.xcconfig */;
			buildSettings = {
				ALWAYS_EMBED_SWIFT_STANDARD_LIBRARIES = YES;
				BUNDLE_LOADER = "$(TEST_HOST)";
				CODE_SIGN_STYLE = Automatic;
				INFOPLIST_FILE = SteamGathererTests/Info.plist;
				LD_RUNPATH_SEARCH_PATHS = (
					"$(inherited)",
					"@executable_path/Frameworks",
					"@loader_path/Frameworks",
				);
				PRODUCT_BUNDLE_IDENTIFIER = com.giancarlobuenaflor.SteamGathererTests;
				PRODUCT_NAME = "$(TARGET_NAME)";
				SWIFT_VERSION = 4.0;
				TARGETED_DEVICE_FAMILY = "1,2";
				TEST_HOST = "$(BUILT_PRODUCTS_DIR)/SteamGatherer.app/SteamGatherer";
			};
			name = Debug;
		};
		34CE863120A08C34002EE744 /* Release */ = {
			isa = XCBuildConfiguration;
			baseConfigurationReference = A3E4921E950A4E65AA3483CD /* Pods-SteamGathererTests.release.xcconfig */;
			buildSettings = {
				ALWAYS_EMBED_SWIFT_STANDARD_LIBRARIES = YES;
				BUNDLE_LOADER = "$(TEST_HOST)";
				CODE_SIGN_STYLE = Automatic;
				INFOPLIST_FILE = SteamGathererTests/Info.plist;
				LD_RUNPATH_SEARCH_PATHS = (
					"$(inherited)",
					"@executable_path/Frameworks",
					"@loader_path/Frameworks",
				);
				PRODUCT_BUNDLE_IDENTIFIER = com.giancarlobuenaflor.SteamGathererTests;
				PRODUCT_NAME = "$(TARGET_NAME)";
				SWIFT_VERSION = 4.0;
				TARGETED_DEVICE_FAMILY = "1,2";
				TEST_HOST = "$(BUILT_PRODUCTS_DIR)/SteamGatherer.app/SteamGatherer";
			};
			name = Release;
		};
		34CE863320A08C34002EE744 /* Debug */ = {
			isa = XCBuildConfiguration;
			baseConfigurationReference = 96FEF6FA3CF9E625D37A5845 /* Pods-SteamGathererUITests.debug.xcconfig */;
			buildSettings = {
				ALWAYS_EMBED_SWIFT_STANDARD_LIBRARIES = YES;
				CODE_SIGN_STYLE = Automatic;
				INFOPLIST_FILE = SteamGathererUITests/Info.plist;
				LD_RUNPATH_SEARCH_PATHS = (
					"$(inherited)",
					"@executable_path/Frameworks",
					"@loader_path/Frameworks",
				);
				PRODUCT_BUNDLE_IDENTIFIER = com.giancarlobuenaflor.SteamGathererUITests;
				PRODUCT_NAME = "$(TARGET_NAME)";
				SWIFT_VERSION = 4.0;
				TARGETED_DEVICE_FAMILY = "1,2";
				TEST_TARGET_NAME = SteamGatherer;
			};
			name = Debug;
		};
		34CE863420A08C34002EE744 /* Release */ = {
			isa = XCBuildConfiguration;
			baseConfigurationReference = FF4B298EA9E74590FC247607 /* Pods-SteamGathererUITests.release.xcconfig */;
			buildSettings = {
				ALWAYS_EMBED_SWIFT_STANDARD_LIBRARIES = YES;
				CODE_SIGN_STYLE = Automatic;
				INFOPLIST_FILE = SteamGathererUITests/Info.plist;
				LD_RUNPATH_SEARCH_PATHS = (
					"$(inherited)",
					"@executable_path/Frameworks",
					"@loader_path/Frameworks",
				);
				PRODUCT_BUNDLE_IDENTIFIER = com.giancarlobuenaflor.SteamGathererUITests;
				PRODUCT_NAME = "$(TARGET_NAME)";
				SWIFT_VERSION = 4.0;
				TARGETED_DEVICE_FAMILY = "1,2";
				TEST_TARGET_NAME = SteamGatherer;
			};
			name = Release;
		};
/* End XCBuildConfiguration section */

/* Begin XCConfigurationList section */
		34CE85FF20A08C32002EE744 /* Build configuration list for PBXProject "SteamGatherer" */ = {
			isa = XCConfigurationList;
			buildConfigurations = (
				34CE862A20A08C34002EE744 /* Debug */,
				34CE862B20A08C34002EE744 /* Release */,
			);
			defaultConfigurationIsVisible = 0;
			defaultConfigurationName = Release;
		};
		34CE862C20A08C34002EE744 /* Build configuration list for PBXNativeTarget "SteamGatherer" */ = {
			isa = XCConfigurationList;
			buildConfigurations = (
				34CE862D20A08C34002EE744 /* Debug */,
				34CE862E20A08C34002EE744 /* Release */,
			);
			defaultConfigurationIsVisible = 0;
			defaultConfigurationName = Release;
		};
		34CE862F20A08C34002EE744 /* Build configuration list for PBXNativeTarget "SteamGathererTests" */ = {
			isa = XCConfigurationList;
			buildConfigurations = (
				34CE863020A08C34002EE744 /* Debug */,
				34CE863120A08C34002EE744 /* Release */,
			);
			defaultConfigurationIsVisible = 0;
			defaultConfigurationName = Release;
		};
		34CE863220A08C34002EE744 /* Build configuration list for PBXNativeTarget "SteamGathererUITests" */ = {
			isa = XCConfigurationList;
			buildConfigurations = (
				34CE863320A08C34002EE744 /* Debug */,
				34CE863420A08C34002EE744 /* Release */,
			);
			defaultConfigurationIsVisible = 0;
			defaultConfigurationName = Release;
		};
/* End XCConfigurationList section */
	};
	rootObject = 34CE85FC20A08C32002EE744 /* Project object */;
}
